// !$*UTF8*$!
{
	archiveVersion = 1;
	classes = {
	};
	objectVersion = 50;
	objects = {

/* Begin PBXBuildFile section */
		B535864C2348E26F00B32A09 /* Device.swift in Sources */ = {isa = PBXBuildFile; fileRef = B535864B2348E26F00B32A09 /* Device.swift */; };
		B535864F2348E2A500B32A09 /* SimulationParticipant.swift in Sources */ = {isa = PBXBuildFile; fileRef = B535864E2348E2A500B32A09 /* SimulationParticipant.swift */; };
		B53586512348E2EC00B32A09 /* CircuitInput.swift in Sources */ = {isa = PBXBuildFile; fileRef = B53586502348E2EC00B32A09 /* CircuitInput.swift */; };
		B53586532348E30900B32A09 /* Inverter.swift in Sources */ = {isa = PBXBuildFile; fileRef = B53586522348E30900B32A09 /* Inverter.swift */; };
		B53586552348E31E00B32A09 /* Nor2.swift in Sources */ = {isa = PBXBuildFile; fileRef = B53586542348E31E00B32A09 /* Nor2.swift */; };
		B53586572348E34700B32A09 /* Nor5.swift in Sources */ = {isa = PBXBuildFile; fileRef = B53586562348E34700B32A09 /* Nor5.swift */; };
		B53586592348E35500B32A09 /* Nand2.swift in Sources */ = {isa = PBXBuildFile; fileRef = B53586582348E35500B32A09 /* Nand2.swift */; };
		B535865B2348E36600B32A09 /* Nand5.swift in Sources */ = {isa = PBXBuildFile; fileRef = B535865A2348E36600B32A09 /* Nand5.swift */; };
		B535865F2348E3B900B32A09 /* RomCell.swift in Sources */ = {isa = PBXBuildFile; fileRef = B535865E2348E3B900B32A09 /* RomCell.swift */; };
		B53586612348E3CE00B32A09 /* RomColumn.swift in Sources */ = {isa = PBXBuildFile; fileRef = B53586602348E3CE00B32A09 /* RomColumn.swift */; };
		B53586632348E3DB00B32A09 /* RomPage2x2.swift in Sources */ = {isa = PBXBuildFile; fileRef = B53586622348E3DB00B32A09 /* RomPage2x2.swift */; };
		B53586652348E3E800B32A09 /* RomPage.swift in Sources */ = {isa = PBXBuildFile; fileRef = B53586642348E3E800B32A09 /* RomPage.swift */; };
		B53586672348E3FA00B32A09 /* Rom4x8.swift in Sources */ = {isa = PBXBuildFile; fileRef = B53586662348E3FA00B32A09 /* Rom4x8.swift */; };
		B53586692348E41200B32A09 /* Rom1024x16.swift in Sources */ = {isa = PBXBuildFile; fileRef = B53586682348E41200B32A09 /* Rom1024x16.swift */; };
		B535866C2348E42F00B32A09 /* FlipFlopCell.swift in Sources */ = {isa = PBXBuildFile; fileRef = B535866B2348E42F00B32A09 /* FlipFlopCell.swift */; };
		B535866E2348E43F00B32A09 /* Register1.swift in Sources */ = {isa = PBXBuildFile; fileRef = B535866D2348E43F00B32A09 /* Register1.swift */; };
		B53586702348E44F00B32A09 /* Register16.swift in Sources */ = {isa = PBXBuildFile; fileRef = B535866F2348E44F00B32A09 /* Register16.swift */; };
		B53586722348E46600B32A09 /* BusDriver16.swift in Sources */ = {isa = PBXBuildFile; fileRef = B53586712348E46600B32A09 /* BusDriver16.swift */; };
		B53586742348E47D00B32A09 /* FixedBusDriver16.swift in Sources */ = {isa = PBXBuildFile; fileRef = B53586732348E47D00B32A09 /* FixedBusDriver16.swift */; };
		B53586772348E49A00B32A09 /* ShiftLeft16.swift in Sources */ = {isa = PBXBuildFile; fileRef = B53586762348E49A00B32A09 /* ShiftLeft16.swift */; };
		B53586792348E4B300B32A09 /* And16.swift in Sources */ = {isa = PBXBuildFile; fileRef = B53586782348E4B300B32A09 /* And16.swift */; };
		B535867B2348E4D500B32A09 /* Simulation.swift in Sources */ = {isa = PBXBuildFile; fileRef = B535867A2348E4D500B32A09 /* Simulation.swift */; };
		B535867D2348E4EE00B32A09 /* Monitor.swift in Sources */ = {isa = PBXBuildFile; fileRef = B535867C2348E4EE00B32A09 /* Monitor.swift */; };
		B535867F2348E52F00B32A09 /* Bus.swift in Sources */ = {isa = PBXBuildFile; fileRef = B535867E2348E52F00B32A09 /* Bus.swift */; };
		B53586822348E63900B32A09 /* RegisterTester.swift in Sources */ = {isa = PBXBuildFile; fileRef = B53586812348E63900B32A09 /* RegisterTester.swift */; };
		B53586842348F38B00B32A09 /* CircuitOutput.swift in Sources */ = {isa = PBXBuildFile; fileRef = B53586832348F38B00B32A09 /* CircuitOutput.swift */; };
		B5FCAB8C23262B49003DE0A4 /* main.swift in Sources */ = {isa = PBXBuildFile; fileRef = B5FCAB8B23262B49003DE0A4 /* main.swift */; };
		B5FCAB9323262B68003DE0A4 /* Net.swift in Sources */ = {isa = PBXBuildFile; fileRef = B5FCAB9223262B68003DE0A4 /* Net.swift */; };
		B5FCAB9523262BB3003DE0A4 /* Pin.swift in Sources */ = {isa = PBXBuildFile; fileRef = B5FCAB9423262BB3003DE0A4 /* Pin.swift */; };
/* End PBXBuildFile section */

/* Begin PBXCopyFilesBuildPhase section */
		B5FCAB8623262B49003DE0A4 /* CopyFiles */ = {
			isa = PBXCopyFilesBuildPhase;
			buildActionMask = 2147483647;
			dstPath = /usr/share/man/man1/;
			dstSubfolderSpec = 0;
			files = (
			);
			runOnlyForDeploymentPostprocessing = 1;
		};
/* End PBXCopyFilesBuildPhase section */

/* Begin PBXFileReference section */
		B535864B2348E26F00B32A09 /* Device.swift */ = {isa = PBXFileReference; lastKnownFileType = sourcecode.swift; path = Device.swift; sourceTree = "<group>"; };
		B535864E2348E2A500B32A09 /* SimulationParticipant.swift */ = {isa = PBXFileReference; lastKnownFileType = sourcecode.swift; path = SimulationParticipant.swift; sourceTree = "<group>"; };
		B53586502348E2EC00B32A09 /* CircuitInput.swift */ = {isa = PBXFileReference; lastKnownFileType = sourcecode.swift; path = CircuitInput.swift; sourceTree = "<group>"; };
		B53586522348E30900B32A09 /* Inverter.swift */ = {isa = PBXFileReference; lastKnownFileType = sourcecode.swift; path = Inverter.swift; sourceTree = "<group>"; };
		B53586542348E31E00B32A09 /* Nor2.swift */ = {isa = PBXFileReference; lastKnownFileType = sourcecode.swift; path = Nor2.swift; sourceTree = "<group>"; };
		B53586562348E34700B32A09 /* Nor5.swift */ = {isa = PBXFileReference; lastKnownFileType = sourcecode.swift; path = Nor5.swift; sourceTree = "<group>"; };
		B53586582348E35500B32A09 /* Nand2.swift */ = {isa = PBXFileReference; lastKnownFileType = sourcecode.swift; path = Nand2.swift; sourceTree = "<group>"; };
		B535865A2348E36600B32A09 /* Nand5.swift */ = {isa = PBXFileReference; lastKnownFileType = sourcecode.swift; path = Nand5.swift; sourceTree = "<group>"; };
		B535865E2348E3B900B32A09 /* RomCell.swift */ = {isa = PBXFileReference; lastKnownFileType = sourcecode.swift; path = RomCell.swift; sourceTree = "<group>"; };
		B53586602348E3CE00B32A09 /* RomColumn.swift */ = {isa = PBXFileReference; lastKnownFileType = sourcecode.swift; path = RomColumn.swift; sourceTree = "<group>"; };
		B53586622348E3DB00B32A09 /* RomPage2x2.swift */ = {isa = PBXFileReference; lastKnownFileType = sourcecode.swift; path = RomPage2x2.swift; sourceTree = "<group>"; };
		B53586642348E3E800B32A09 /* RomPage.swift */ = {isa = PBXFileReference; lastKnownFileType = sourcecode.swift; path = RomPage.swift; sourceTree = "<group>"; };
		B53586662348E3FA00B32A09 /* Rom4x8.swift */ = {isa = PBXFileReference; lastKnownFileType = sourcecode.swift; path = Rom4x8.swift; sourceTree = "<group>"; };
		B53586682348E41200B32A09 /* Rom1024x16.swift */ = {isa = PBXFileReference; lastKnownFileType = sourcecode.swift; path = Rom1024x16.swift; sourceTree = "<group>"; };
		B535866B2348E42F00B32A09 /* FlipFlopCell.swift */ = {isa = PBXFileReference; lastKnownFileType = sourcecode.swift; path = FlipFlopCell.swift; sourceTree = "<group>"; };
		B535866D2348E43F00B32A09 /* Register1.swift */ = {isa = PBXFileReference; lastKnownFileType = sourcecode.swift; path = Register1.swift; sourceTree = "<group>"; };
		B535866F2348E44F00B32A09 /* Register16.swift */ = {isa = PBXFileReference; lastKnownFileType = sourcecode.swift; path = Register16.swift; sourceTree = "<group>"; };
		B53586712348E46600B32A09 /* BusDriver16.swift */ = {isa = PBXFileReference; lastKnownFileType = sourcecode.swift; path = BusDriver16.swift; sourceTree = "<group>"; };
		B53586732348E47D00B32A09 /* FixedBusDriver16.swift */ = {isa = PBXFileReference; lastKnownFileType = sourcecode.swift; path = FixedBusDriver16.swift; sourceTree = "<group>"; };
		B53586762348E49A00B32A09 /* ShiftLeft16.swift */ = {isa = PBXFileReference; lastKnownFileType = sourcecode.swift; path = ShiftLeft16.swift; sourceTree = "<group>"; };
		B53586782348E4B300B32A09 /* And16.swift */ = {isa = PBXFileReference; lastKnownFileType = sourcecode.swift; path = And16.swift; sourceTree = "<group>"; };
		B535867A2348E4D500B32A09 /* Simulation.swift */ = {isa = PBXFileReference; lastKnownFileType = sourcecode.swift; path = Simulation.swift; sourceTree = "<group>"; };
		B535867C2348E4EE00B32A09 /* Monitor.swift */ = {isa = PBXFileReference; lastKnownFileType = sourcecode.swift; path = Monitor.swift; sourceTree = "<group>"; };
		B535867E2348E52F00B32A09 /* Bus.swift */ = {isa = PBXFileReference; lastKnownFileType = sourcecode.swift; path = Bus.swift; sourceTree = "<group>"; };
		B53586812348E63900B32A09 /* RegisterTester.swift */ = {isa = PBXFileReference; lastKnownFileType = sourcecode.swift; path = RegisterTester.swift; sourceTree = "<group>"; };
		B53586832348F38B00B32A09 /* CircuitOutput.swift */ = {isa = PBXFileReference; lastKnownFileType = sourcecode.swift; path = CircuitOutput.swift; sourceTree = "<group>"; };
		B5FCAB8823262B49003DE0A4 /* circuitSimulator */ = {isa = PBXFileReference; explicitFileType = "compiled.mach-o.executable"; includeInIndex = 0; path = circuitSimulator; sourceTree = BUILT_PRODUCTS_DIR; };
		B5FCAB8B23262B49003DE0A4 /* main.swift */ = {isa = PBXFileReference; lastKnownFileType = sourcecode.swift; path = main.swift; sourceTree = "<group>"; };
		B5FCAB9223262B68003DE0A4 /* Net.swift */ = {isa = PBXFileReference; lastKnownFileType = sourcecode.swift; path = Net.swift; sourceTree = "<group>"; };
		B5FCAB9423262BB3003DE0A4 /* Pin.swift */ = {isa = PBXFileReference; lastKnownFileType = sourcecode.swift; path = Pin.swift; sourceTree = "<group>"; };
/* End PBXFileReference section */

/* Begin PBXFrameworksBuildPhase section */
		B5FCAB8523262B49003DE0A4 /* Frameworks */ = {
			isa = PBXFrameworksBuildPhase;
			buildActionMask = 2147483647;
			files = (
			);
			runOnlyForDeploymentPostprocessing = 0;
		};
/* End PBXFrameworksBuildPhase section */

/* Begin PBXGroup section */
		B535864D2348E28300B32A09 /* Devices */ = {
			isa = PBXGroup;
			children = (
				B53586752348E48E00B32A09 /* ALU */,
				B535866A2348E42400B32A09 /* FlipFlop */,
				B535865D2348E3A000B32A09 /* Rom */,
				B535865C2348E38F00B32A09 /* Fundamental */,
			);
			path = Devices;
			sourceTree = "<group>";
		};
		B535865C2348E38F00B32A09 /* Fundamental */ = {
			isa = PBXGroup;
			children = (
				B53586502348E2EC00B32A09 /* CircuitInput.swift */,
				B53586522348E30900B32A09 /* Inverter.swift */,
				B53586542348E31E00B32A09 /* Nor2.swift */,
				B53586562348E34700B32A09 /* Nor5.swift */,
				B53586582348E35500B32A09 /* Nand2.swift */,
				B535865A2348E36600B32A09 /* Nand5.swift */,
				B53586832348F38B00B32A09 /* CircuitOutput.swift */,
			);
			path = Fundamental;
			sourceTree = "<group>";
		};
		B535865D2348E3A000B32A09 /* Rom */ = {
			isa = PBXGroup;
			children = (
				B535865E2348E3B900B32A09 /* RomCell.swift */,
				B53586602348E3CE00B32A09 /* RomColumn.swift */,
				B53586622348E3DB00B32A09 /* RomPage2x2.swift */,
				B53586642348E3E800B32A09 /* RomPage.swift */,
				B53586662348E3FA00B32A09 /* Rom4x8.swift */,
				B53586682348E41200B32A09 /* Rom1024x16.swift */,
			);
			path = Rom;
			sourceTree = "<group>";
		};
		B535866A2348E42400B32A09 /* FlipFlop */ = {
			isa = PBXGroup;
			children = (
				B535866B2348E42F00B32A09 /* FlipFlopCell.swift */,
				B535866D2348E43F00B32A09 /* Register1.swift */,
				B535866F2348E44F00B32A09 /* Register16.swift */,
				B53586712348E46600B32A09 /* BusDriver16.swift */,
				B53586732348E47D00B32A09 /* FixedBusDriver16.swift */,
			);
			path = FlipFlop;
			sourceTree = "<group>";
		};
		B53586752348E48E00B32A09 /* ALU */ = {
			isa = PBXGroup;
			children = (
				B53586762348E49A00B32A09 /* ShiftLeft16.swift */,
				B53586782348E4B300B32A09 /* And16.swift */,
			);
			path = ALU;
			sourceTree = "<group>";
		};
		B53586802348E62600B32A09 /* Circuits */ = {
			isa = PBXGroup;
			children = (
				B53586812348E63900B32A09 /* RegisterTester.swift */,
			);
			path = Circuits;
			sourceTree = "<group>";
		};
		B5FCAB7F23262B49003DE0A4 = {
			isa = PBXGroup;
			children = (
				B5FCAB8A23262B49003DE0A4 /* circuitSimulator */,
				B5FCAB8923262B49003DE0A4 /* Products */,
			);
			sourceTree = "<group>";
		};
		B5FCAB8923262B49003DE0A4 /* Products */ = {
			isa = PBXGroup;
			children = (
				B5FCAB8823262B49003DE0A4 /* circuitSimulator */,
			);
			name = Products;
			sourceTree = "<group>";
		};
		B5FCAB8A23262B49003DE0A4 /* circuitSimulator */ = {
			isa = PBXGroup;
			children = (
				B5FCAB8B23262B49003DE0A4 /* main.swift */,
				B5FCAB9423262BB3003DE0A4 /* Pin.swift */,
				B535864E2348E2A500B32A09 /* SimulationParticipant.swift */,
				B5FCAB9223262B68003DE0A4 /* Net.swift */,
				B535864B2348E26F00B32A09 /* Device.swift */,
				B535867E2348E52F00B32A09 /* Bus.swift */,
				B535867A2348E4D500B32A09 /* Simulation.swift */,
				B535867C2348E4EE00B32A09 /* Monitor.swift */,
				B53586802348E62600B32A09 /* Circuits */,
				B535864D2348E28300B32A09 /* Devices */,
			);
			path = circuitSimulator;
			sourceTree = "<group>";
		};
/* End PBXGroup section */

/* Begin PBXNativeTarget section */
		B5FCAB8723262B49003DE0A4 /* circuitSimulator */ = {
			isa = PBXNativeTarget;
			buildConfigurationList = B5FCAB8F23262B49003DE0A4 /* Build configuration list for PBXNativeTarget "circuitSimulator" */;
			buildPhases = (
				B5FCAB8423262B49003DE0A4 /* Sources */,
				B5FCAB8523262B49003DE0A4 /* Frameworks */,
				B5FCAB8623262B49003DE0A4 /* CopyFiles */,
			);
			buildRules = (
			);
			dependencies = (
			);
			name = circuitSimulator;
			productName = circuitSimulator;
			productReference = B5FCAB8823262B49003DE0A4 /* circuitSimulator */;
			productType = "com.apple.product-type.tool";
		};
/* End PBXNativeTarget section */

/* Begin PBXProject section */
		B5FCAB8023262B49003DE0A4 /* Project object */ = {
			isa = PBXProject;
			attributes = {
				LastSwiftUpdateCheck = 1030;
				LastUpgradeCheck = 1100;
				ORGANIZATIONNAME = "Taylor Gilbert";
				TargetAttributes = {
					B5FCAB8723262B49003DE0A4 = {
						CreatedOnToolsVersion = 10.3;
					};
				};
			};
			buildConfigurationList = B5FCAB8323262B49003DE0A4 /* Build configuration list for PBXProject "circuitSimulator" */;
			compatibilityVersion = "Xcode 9.3";
			developmentRegion = en;
			hasScannedForEncodings = 0;
			knownRegions = (
				en,
				Base,
			);
			mainGroup = B5FCAB7F23262B49003DE0A4;
			productRefGroup = B5FCAB8923262B49003DE0A4 /* Products */;
			projectDirPath = "";
			projectRoot = "";
			targets = (
				B5FCAB8723262B49003DE0A4 /* circuitSimulator */,
			);
		};
/* End PBXProject section */

/* Begin PBXSourcesBuildPhase section */
		B5FCAB8423262B49003DE0A4 /* Sources */ = {
			isa = PBXSourcesBuildPhase;
			buildActionMask = 2147483647;
			files = (
				B535867F2348E52F00B32A09 /* Bus.swift in Sources */,
				B5FCAB9523262BB3003DE0A4 /* Pin.swift in Sources */,
				B53586842348F38B00B32A09 /* CircuitOutput.swift in Sources */,
				B53586692348E41200B32A09 /* Rom1024x16.swift in Sources */,
				B535866E2348E43F00B32A09 /* Register1.swift in Sources */,
				B53586722348E46600B32A09 /* BusDriver16.swift in Sources */,
				B53586772348E49A00B32A09 /* ShiftLeft16.swift in Sources */,
				B53586742348E47D00B32A09 /* FixedBusDriver16.swift in Sources */,
				B535864F2348E2A500B32A09 /* SimulationParticipant.swift in Sources */,
				B535865F2348E3B900B32A09 /* RomCell.swift in Sources */,
				B53586512348E2EC00B32A09 /* CircuitInput.swift in Sources */,
				B5FCAB8C23262B49003DE0A4 /* main.swift in Sources */,
				B5FCAB9323262B68003DE0A4 /* Net.swift in Sources */,
				B53586632348E3DB00B32A09 /* RomPage2x2.swift in Sources */,
				B535867B2348E4D500B32A09 /* Simulation.swift in Sources */,
				B53586592348E35500B32A09 /* Nand2.swift in Sources */,
				B53586822348E63900B32A09 /* RegisterTester.swift in Sources */,
				B535867D2348E4EE00B32A09 /* Monitor.swift in Sources */,
				B53586572348E34700B32A09 /* Nor5.swift in Sources */,
				B53586672348E3FA00B32A09 /* Rom4x8.swift in Sources */,
				B53586792348E4B300B32A09 /* And16.swift in Sources */,
				B535864C2348E26F00B32A09 /* Device.swift in Sources */,
				B53586552348E31E00B32A09 /* Nor2.swift in Sources */,
				B535866C2348E42F00B32A09 /* FlipFlopCell.swift in Sources */,
				B53586612348E3CE00B32A09 /* RomColumn.swift in Sources */,
				B53586652348E3E800B32A09 /* RomPage.swift in Sources */,
				B535865B2348E36600B32A09 /* Nand5.swift in Sources */,
				B53586532348E30900B32A09 /* Inverter.swift in Sources */,
				B53586702348E44F00B32A09 /* Register16.swift in Sources */,
			);
			runOnlyForDeploymentPostprocessing = 0;
		};
/* End PBXSourcesBuildPhase section */

/* Begin XCBuildConfiguration section */
		B5FCAB8D23262B49003DE0A4 /* Debug */ = {
			isa = XCBuildConfiguration;
			buildSettings = {
				ALWAYS_SEARCH_USER_PATHS = NO;
				CLANG_ANALYZER_NONNULL = YES;
				CLANG_ANALYZER_NUMBER_OBJECT_CONVERSION = YES_AGGRESSIVE;
				CLANG_CXX_LANGUAGE_STANDARD = "gnu++14";
				CLANG_CXX_LIBRARY = "libc++";
				CLANG_ENABLE_MODULES = YES;
				CLANG_ENABLE_OBJC_ARC = YES;
				CLANG_ENABLE_OBJC_WEAK = YES;
				CLANG_WARN_BLOCK_CAPTURE_AUTORELEASING = YES;
				CLANG_WARN_BOOL_CONVERSION = YES;
				CLANG_WARN_COMMA = YES;
				CLANG_WARN_CONSTANT_CONVERSION = YES;
				CLANG_WARN_DEPRECATED_OBJC_IMPLEMENTATIONS = YES;
				CLANG_WARN_DIRECT_OBJC_ISA_USAGE = YES_ERROR;
				CLANG_WARN_DOCUMENTATION_COMMENTS = YES;
				CLANG_WARN_EMPTY_BODY = YES;
				CLANG_WARN_ENUM_CONVERSION = YES;
				CLANG_WARN_INFINITE_RECURSION = YES;
				CLANG_WARN_INT_CONVERSION = YES;
				CLANG_WARN_NON_LITERAL_NULL_CONVERSION = YES;
				CLANG_WARN_OBJC_IMPLICIT_RETAIN_SELF = YES;
				CLANG_WARN_OBJC_LITERAL_CONVERSION = YES;
				CLANG_WARN_OBJC_ROOT_CLASS = YES_ERROR;
				CLANG_WARN_RANGE_LOOP_ANALYSIS = YES;
				CLANG_WARN_STRICT_PROTOTYPES = YES;
				CLANG_WARN_SUSPICIOUS_MOVE = YES;
				CLANG_WARN_UNGUARDED_AVAILABILITY = YES_AGGRESSIVE;
				CLANG_WARN_UNREACHABLE_CODE = YES;
				CLANG_WARN__DUPLICATE_METHOD_MATCH = YES;
				CODE_SIGN_IDENTITY = "-";
				COPY_PHASE_STRIP = NO;
				DEBUG_INFORMATION_FORMAT = dwarf;
				ENABLE_STRICT_OBJC_MSGSEND = YES;
				ENABLE_TESTABILITY = YES;
				GCC_C_LANGUAGE_STANDARD = gnu11;
				GCC_DYNAMIC_NO_PIC = NO;
				GCC_NO_COMMON_BLOCKS = YES;
				GCC_OPTIMIZATION_LEVEL = 0;
				GCC_PREPROCESSOR_DEFINITIONS = (
					"DEBUG=1",
					"$(inherited)",
				);
				GCC_WARN_64_TO_32_BIT_CONVERSION = YES;
				GCC_WARN_ABOUT_RETURN_TYPE = YES_ERROR;
				GCC_WARN_UNDECLARED_SELECTOR = YES;
				GCC_WARN_UNINITIALIZED_AUTOS = YES_AGGRESSIVE;
				GCC_WARN_UNUSED_FUNCTION = YES;
				GCC_WARN_UNUSED_VARIABLE = YES;
				MACOSX_DEPLOYMENT_TARGET = 10.14;
				MTL_ENABLE_DEBUG_INFO = INCLUDE_SOURCE;
				MTL_FAST_MATH = YES;
				ONLY_ACTIVE_ARCH = YES;
				SDKROOT = macosx;
				SWIFT_ACTIVE_COMPILATION_CONDITIONS = DEBUG;
				SWIFT_OPTIMIZATION_LEVEL = "-Onone";
			};
			name = Debug;
		};
		B5FCAB8E23262B49003DE0A4 /* Release */ = {
			isa = XCBuildConfiguration;
			buildSettings = {
				ALWAYS_SEARCH_USER_PATHS = NO;
				CLANG_ANALYZER_NONNULL = YES;
				CLANG_ANALYZER_NUMBER_OBJECT_CONVERSION = YES_AGGRESSIVE;
				CLANG_CXX_LANGUAGE_STANDARD = "gnu++14";
				CLANG_CXX_LIBRARY = "libc++";
				CLANG_ENABLE_MODULES = YES;
				CLANG_ENABLE_OBJC_ARC = YES;
				CLANG_ENABLE_OBJC_WEAK = YES;
				CLANG_WARN_BLOCK_CAPTURE_AUTORELEASING = YES;
				CLANG_WARN_BOOL_CONVERSION = YES;
				CLANG_WARN_COMMA = YES;
				CLANG_WARN_CONSTANT_CONVERSION = YES;
				CLANG_WARN_DEPRECATED_OBJC_IMPLEMENTATIONS = YES;
				CLANG_WARN_DIRECT_OBJC_ISA_USAGE = YES_ERROR;
				CLANG_WARN_DOCUMENTATION_COMMENTS = YES;
				CLANG_WARN_EMPTY_BODY = YES;
				CLANG_WARN_ENUM_CONVERSION = YES;
				CLANG_WARN_INFINITE_RECURSION = YES;
				CLANG_WARN_INT_CONVERSION = YES;
				CLANG_WARN_NON_LITERAL_NULL_CONVERSION = YES;
				CLANG_WARN_OBJC_IMPLICIT_RETAIN_SELF = YES;
				CLANG_WARN_OBJC_LITERAL_CONVERSION = YES;
				CLANG_WARN_OBJC_ROOT_CLASS = YES_ERROR;
				CLANG_WARN_RANGE_LOOP_ANALYSIS = YES;
				CLANG_WARN_STRICT_PROTOTYPES = YES;
				CLANG_WARN_SUSPICIOUS_MOVE = YES;
				CLANG_WARN_UNGUARDED_AVAILABILITY = YES_AGGRESSIVE;
				CLANG_WARN_UNREACHABLE_CODE = YES;
				CLANG_WARN__DUPLICATE_METHOD_MATCH = YES;
				CODE_SIGN_IDENTITY = "-";
				COPY_PHASE_STRIP = NO;
				DEBUG_INFORMATION_FORMAT = "dwarf-with-dsym";
				ENABLE_NS_ASSERTIONS = NO;
				ENABLE_STRICT_OBJC_MSGSEND = YES;
				GCC_C_LANGUAGE_STANDARD = gnu11;
				GCC_NO_COMMON_BLOCKS = YES;
				GCC_WARN_64_TO_32_BIT_CONVERSION = YES;
				GCC_WARN_ABOUT_RETURN_TYPE = YES_ERROR;
				GCC_WARN_UNDECLARED_SELECTOR = YES;
				GCC_WARN_UNINITIALIZED_AUTOS = YES_AGGRESSIVE;
				GCC_WARN_UNUSED_FUNCTION = YES;
				GCC_WARN_UNUSED_VARIABLE = YES;
				MACOSX_DEPLOYMENT_TARGET = 10.14;
				MTL_ENABLE_DEBUG_INFO = NO;
				MTL_FAST_MATH = YES;
				SDKROOT = macosx;
				SWIFT_COMPILATION_MODE = wholemodule;
				SWIFT_OPTIMIZATION_LEVEL = "-O";
			};
			name = Release;
		};
		B5FCAB9023262B49003DE0A4 /* Debug */ = {
			isa = XCBuildConfiguration;
			buildSettings = {
				CODE_SIGN_IDENTITY = "-";
				CODE_SIGN_STYLE = Automatic;
				PRODUCT_NAME = "$(TARGET_NAME)";
				SWIFT_VERSION = 5.0;
			};
			name = Debug;
		};
		B5FCAB9123262B49003DE0A4 /* Release */ = {
			isa = XCBuildConfiguration;
			buildSettings = {
				CODE_SIGN_IDENTITY = "-";
				CODE_SIGN_STYLE = Automatic;
				PRODUCT_NAME = "$(TARGET_NAME)";
				SWIFT_VERSION = 5.0;
			};
			name = Release;
		};
/* End XCBuildConfiguration section */

/* Begin XCConfigurationList section */
		B5FCAB8323262B49003DE0A4 /* Build configuration list for PBXProject "circuitSimulator" */ = {
			isa = XCConfigurationList;
			buildConfigurations = (
				B5FCAB8D23262B49003DE0A4 /* Debug */,
				B5FCAB8E23262B49003DE0A4 /* Release */,
			);
			defaultConfigurationIsVisible = 0;
			defaultConfigurationName = Release;
		};
		B5FCAB8F23262B49003DE0A4 /* Build configuration list for PBXNativeTarget "circuitSimulator" */ = {
			isa = XCConfigurationList;
			buildConfigurations = (
				B5FCAB9023262B49003DE0A4 /* Debug */,
				B5FCAB9123262B49003DE0A4 /* Release */,
			);
			defaultConfigurationIsVisible = 0;
			defaultConfigurationName = Release;
		};
/* End XCConfigurationList section */
	};
	rootObject = B5FCAB8023262B49003DE0A4 /* Project object */;
}
